{
  "name": "server",
  "version": "1.0.0",
  "lockfileVersion": 3,
  "requires": true,
  "packages": {
    "": {
      "name": "server",
      "version": "1.0.0",
      "dependencies": {
        "digitalether-template": "file:.."
      }
    },
    "..": {
      "version": "1.0.0",
      "license": "ISC",
      "dependencies": {
        "concurrently": "^9.2.1"
      }
    },
    "node_modules/digitalether-template": {
      "resolved": "..",
      "link": true
    }
  }
}
